// !$*UTF8*$!
{
	archiveVersion = 1;
	classes = {
	};
	objectVersion = 48;
	objects = {

/* Begin PBXBuildFile section */
		30EE1F452048131500B826A8 /* AppDelegate.swift in Sources */ = {isa = PBXBuildFile; fileRef = 30EE1F442048131500B826A8 /* AppDelegate.swift */; };
		30EE1F472048131500B826A8 /* ViewController.swift in Sources */ = {isa = PBXBuildFile; fileRef = 30EE1F462048131500B826A8 /* ViewController.swift */; };
		30EE1F4A2048131500B826A8 /* Main.storyboard in Resources */ = {isa = PBXBuildFile; fileRef = 30EE1F482048131500B826A8 /* Main.storyboard */; };
		30EE1F4C2048131500B826A8 /* Assets.xcassets in Resources */ = {isa = PBXBuildFile; fileRef = 30EE1F4B2048131500B826A8 /* Assets.xcassets */; };
		30EE1F4F2048131500B826A8 /* LaunchScreen.storyboard in Resources */ = {isa = PBXBuildFile; fileRef = 30EE1F4D2048131500B826A8 /* LaunchScreen.storyboard */; };
		30EE1F5A2048131600B826A8 /* CryptoPortfolioTests.swift in Sources */ = {isa = PBXBuildFile; fileRef = 30EE1F592048131600B826A8 /* CryptoPortfolioTests.swift */; };
/* End PBXBuildFile section */

/* Begin PBXContainerItemProxy section */
		30EE1F562048131600B826A8 /* PBXContainerItemProxy */ = {
			isa = PBXContainerItemProxy;
			containerPortal = 30EE1F392048131500B826A8 /* Project object */;
			proxyType = 1;
			remoteGlobalIDString = 30EE1F402048131500B826A8;
			remoteInfo = CryptoPortfolio;
		};
/* End PBXContainerItemProxy section */

/* Begin PBXFileReference section */
		30EE1F412048131500B826A8 /* CryptoPortfolio.app */ = {isa = PBXFileReference; explicitFileType = wrapper.application; includeInIndex = 0; path = CryptoPortfolio.app; sourceTree = BUILT_PRODUCTS_DIR; };
		30EE1F442048131500B826A8 /* AppDelegate.swift */ = {isa = PBXFileReference; lastKnownFileType = sourcecode.swift; path = AppDelegate.swift; sourceTree = "<group>"; };
		30EE1F462048131500B826A8 /* ViewController.swift */ = {isa = PBXFileReference; lastKnownFileType = sourcecode.swift; path = ViewController.swift; sourceTree = "<group>"; };
		30EE1F492048131500B826A8 /* Base */ = {isa = PBXFileReference; lastKnownFileType = file.storyboard; name = Base; path = Base.lproj/Main.storyboard; sourceTree = "<group>"; };
		30EE1F4B2048131500B826A8 /* Assets.xcassets */ = {isa = PBXFileReference; lastKnownFileType = folder.assetcatalog; path = Assets.xcassets; sourceTree = "<group>"; };
		30EE1F4E2048131500B826A8 /* Base */ = {isa = PBXFileReference; lastKnownFileType = file.storyboard; name = Base; path = Base.lproj/LaunchScreen.storyboard; sourceTree = "<group>"; };
		30EE1F502048131500B826A8 /* Info.plist */ = {isa = PBXFileReference; lastKnownFileType = text.plist.xml; path = Info.plist; sourceTree = "<group>"; };
		30EE1F552048131600B826A8 /* CryptoPortfolioTests.xctest */ = {isa = PBXFileReference; explicitFileType = wrapper.cfbundle; includeInIndex = 0; path = CryptoPortfolioTests.xctest; sourceTree = BUILT_PRODUCTS_DIR; };
		30EE1F592048131600B826A8 /* CryptoPortfolioTests.swift */ = {isa = PBXFileReference; lastKnownFileType = sourcecode.swift; path = CryptoPortfolioTests.swift; sourceTree = "<group>"; };
		30EE1F5B2048131600B826A8 /* Info.plist */ = {isa = PBXFileReference; lastKnownFileType = text.plist.xml; path = Info.plist; sourceTree = "<group>"; };
/* End PBXFileReference section */

/* Begin PBXFrameworksBuildPhase section */
		30EE1F3E2048131500B826A8 /* Frameworks */ = {
			isa = PBXFrameworksBuildPhase;
			buildActionMask = 2147483647;
			files = (
			);
			runOnlyForDeploymentPostprocessing = 0;
		};
		30EE1F522048131600B826A8 /* Frameworks */ = {
			isa = PBXFrameworksBuildPhase;
			buildActionMask = 2147483647;
			files = (
			);
			runOnlyForDeploymentPostprocessing = 0;
		};
/* End PBXFrameworksBuildPhase section */

/* Begin PBXGroup section */
		30EE1F382048131500B826A8 = {
			isa = PBXGroup;
			children = (
				30EE1F432048131500B826A8 /* CryptoPortfolio */,
				30EE1F582048131600B826A8 /* CryptoPortfolioTests */,
				30EE1F422048131500B826A8 /* Products */,
			);
			sourceTree = "<group>";
		};
		30EE1F422048131500B826A8 /* Products */ = {
			isa = PBXGroup;
			children = (
				30EE1F412048131500B826A8 /* CryptoPortfolio.app */,
				30EE1F552048131600B826A8 /* CryptoPortfolioTests.xctest */,
			);
			name = Products;
			sourceTree = "<group>";
		};
		30EE1F432048131500B826A8 /* CryptoPortfolio */ = {
			isa = PBXGroup;
			children = (
				30EE1F442048131500B826A8 /* AppDelegate.swift */,
				30EE1F462048131500B826A8 /* ViewController.swift */,
				30EE1F482048131500B826A8 /* Main.storyboard */,
				30EE1F4B2048131500B826A8 /* Assets.xcassets */,
				30EE1F4D2048131500B826A8 /* LaunchScreen.storyboard */,
				30EE1F502048131500B826A8 /* Info.plist */,
			);
			path = CryptoPortfolio;
			sourceTree = "<group>";
		};
		30EE1F582048131600B826A8 /* CryptoPortfolioTests */ = {
			isa = PBXGroup;
			children = (
				30EE1F592048131600B826A8 /* CryptoPortfolioTests.swift */,
				30EE1F5B2048131600B826A8 /* Info.plist */,
			);
			path = CryptoPortfolioTests;
			sourceTree = "<group>";
		};
/* End PBXGroup section */

/* Begin PBXNativeTarget section */
		30EE1F402048131500B826A8 /* CryptoPortfolio */ = {
			isa = PBXNativeTarget;
			buildConfigurationList = 30EE1F5E2048131600B826A8 /* Build configuration list for PBXNativeTarget "CryptoPortfolio" */;
			buildPhases = (
				30EE1F3D2048131500B826A8 /* Sources */,
				30EE1F3E2048131500B826A8 /* Frameworks */,
				30EE1F3F2048131500B826A8 /* Resources */,
			);
			buildRules = (
			);
			dependencies = (
			);
			name = CryptoPortfolio;
			productName = CryptoPortfolio;
			productReference = 30EE1F412048131500B826A8 /* CryptoPortfolio.app */;
			productType = "com.apple.product-type.application";
		};
		30EE1F542048131600B826A8 /* CryptoPortfolioTests */ = {
			isa = PBXNativeTarget;
			buildConfigurationList = 30EE1F612048131600B826A8 /* Build configuration list for PBXNativeTarget "CryptoPortfolioTests" */;
			buildPhases = (
				30EE1F512048131600B826A8 /* Sources */,
				30EE1F522048131600B826A8 /* Frameworks */,
				30EE1F532048131600B826A8 /* Resources */,
			);
			buildRules = (
			);
			dependencies = (
				30EE1F572048131600B826A8 /* PBXTargetDependency */,
			);
			name = CryptoPortfolioTests;
			productName = CryptoPortfolioTests;
			productReference = 30EE1F552048131600B826A8 /* CryptoPortfolioTests.xctest */;
			productType = "com.apple.product-type.bundle.unit-test";
		};
/* End PBXNativeTarget section */

/* Begin PBXProject section */
		30EE1F392048131500B826A8 /* Project object */ = {
			isa = PBXProject;
			attributes = {
				LastSwiftUpdateCheck = 0920;
				LastUpgradeCheck = 0920;
				ORGANIZATIONNAME = "Wirawit Rueopas";
				TargetAttributes = {
					30EE1F402048131500B826A8 = {
						CreatedOnToolsVersion = 9.2;
						ProvisioningStyle = Automatic;
					};
					30EE1F542048131600B826A8 = {
						CreatedOnToolsVersion = 9.2;
						ProvisioningStyle = Automatic;
						TestTargetID = 30EE1F402048131500B826A8;
					};
				};
			};
			buildConfigurationList = 30EE1F3C2048131500B826A8 /* Build configuration list for PBXProject "CryptoPortfolio" */;
			compatibilityVersion = "Xcode 8.0";
			developmentRegion = en;
			hasScannedForEncodings = 0;
			knownRegions = (
				en,
				Base,
			);
			mainGroup = 30EE1F382048131500B826A8;
			productRefGroup = 30EE1F422048131500B826A8 /* Products */;
			projectDirPath = "";
			projectRoot = "";
			targets = (
				30EE1F402048131500B826A8 /* CryptoPortfolio */,
				30EE1F542048131600B826A8 /* CryptoPortfolioTests */,
			);
		};
/* End PBXProject section */

/* Begin PBXResourcesBuildPhase section */
		30EE1F3F2048131500B826A8 /* Resources */ = {
			isa = PBXResourcesBuildPhase;
			buildActionMask = 2147483647;
			files = (
				30EE1F4F2048131500B826A8 /* LaunchScreen.storyboard in Resources */,
				30EE1F4C2048131500B826A8 /* Assets.xcassets in Resources */,
				30EE1F4A2048131500B826A8 /* Main.storyboard in Resources */,
			);
			runOnlyForDeploymentPostprocessing = 0;
		};
		30EE1F532048131600B826A8 /* Resources */ = {
			isa = PBXResourcesBuildPhase;
			buildActionMask = 2147483647;
			files = (
			);
			runOnlyForDeploymentPostprocessing = 0;
		};
/* End PBXResourcesBuildPhase section */

/* Begin PBXSourcesBuildPhase section */
		30EE1F3D2048131500B826A8 /* Sources */ = {
			isa = PBXSourcesBuildPhase;
			buildActionMask = 2147483647;
			files = (
				30EE1F472048131500B826A8 /* ViewController.swift in Sources */,
				30EE1F452048131500B826A8 /* AppDelegate.swift in Sources */,
			);
			runOnlyForDeploymentPostprocessing = 0;
		};
		30EE1F512048131600B826A8 /* Sources */ = {
			isa = PBXSourcesBuildPhase;
			buildActionMask = 2147483647;
			files = (
				30EE1F5A2048131600B826A8 /* CryptoPortfolioTests.swift in Sources */,
			);
			runOnlyForDeploymentPostprocessing = 0;
		};
/* End PBXSourcesBuildPhase section */

/* Begin PBXTargetDependency section */
		30EE1F572048131600B826A8 /* PBXTargetDependency */ = {
			isa = PBXTargetDependency;
			target = 30EE1F402048131500B826A8 /* CryptoPortfolio */;
			targetProxy = 30EE1F562048131600B826A8 /* PBXContainerItemProxy */;
		};
/* End PBXTargetDependency section */

/* Begin PBXVariantGroup section */
		30EE1F482048131500B826A8 /* Main.storyboard */ = {
			isa = PBXVariantGroup;
			children = (
				30EE1F492048131500B826A8 /* Base */,
			);
			name = Main.storyboard;
			sourceTree = "<group>";
		};
		30EE1F4D2048131500B826A8 /* LaunchScreen.storyboard */ = {
			isa = PBXVariantGroup;
			children = (
				30EE1F4E2048131500B826A8 /* Base */,
			);
			name = LaunchScreen.storyboard;
			sourceTree = "<group>";
		};
/* End PBXVariantGroup section */

/* Begin XCBuildConfiguration section */
		30EE1F5C2048131600B826A8 /* Debug */ = {
			isa = XCBuildConfiguration;
			buildSettings = {
				ALWAYS_SEARCH_USER_PATHS = NO;
				CLANG_ANALYZER_NONNULL = YES;
				CLANG_ANALYZER_NUMBER_OBJECT_CONVERSION = YES_AGGRESSIVE;
				CLANG_CXX_LANGUAGE_STANDARD = "gnu++14";
				CLANG_CXX_LIBRARY = "libc++";
				CLANG_ENABLE_MODULES = YES;
				CLANG_ENABLE_OBJC_ARC = YES;
				CLANG_WARN_BLOCK_CAPTURE_AUTORELEASING = YES;
				CLANG_WARN_BOOL_CONVERSION = YES;
				CLANG_WARN_COMMA = YES;
				CLANG_WARN_CONSTANT_CONVERSION = YES;
				CLANG_WARN_DIRECT_OBJC_ISA_USAGE = YES_ERROR;
				CLANG_WARN_DOCUMENTATION_COMMENTS = YES;
				CLANG_WARN_EMPTY_BODY = YES;
				CLANG_WARN_ENUM_CONVERSION = YES;
				CLANG_WARN_INFINITE_RECURSION = YES;
				CLANG_WARN_INT_CONVERSION = YES;
				CLANG_WARN_NON_LITERAL_NULL_CONVERSION = YES;
				CLANG_WARN_OBJC_LITERAL_CONVERSION = YES;
				CLANG_WARN_OBJC_ROOT_CLASS = YES_ERROR;
				CLANG_WARN_RANGE_LOOP_ANALYSIS = YES;
				CLANG_WARN_STRICT_PROTOTYPES = YES;
				CLANG_WARN_SUSPICIOUS_MOVE = YES;
				CLANG_WARN_UNGUARDED_AVAILABILITY = YES_AGGRESSIVE;
				CLANG_WARN_UNREACHABLE_CODE = YES;
				CLANG_WARN__DUPLICATE_METHOD_MATCH = YES;
				CODE_SIGN_IDENTITY = "iPhone Developer";
				COPY_PHASE_STRIP = NO;
				DEBUG_INFORMATION_FORMAT = dwarf;
				ENABLE_STRICT_OBJC_MSGSEND = YES;
				ENABLE_TESTABILITY = YES;
				GCC_C_LANGUAGE_STANDARD = gnu11;
				GCC_DYNAMIC_NO_PIC = NO;
				GCC_NO_COMMON_BLOCKS = YES;
				GCC_OPTIMIZATION_LEVEL = 0;
				GCC_PREPROCESSOR_DEFINITIONS = (
					"DEBUG=1",
					"$(inherited)",
				);
				GCC_WARN_64_TO_32_BIT_CONVERSION = YES;
				GCC_WARN_ABOUT_RETURN_TYPE = YES_ERROR;
				GCC_WARN_UNDECLARED_SELECTOR = YES;
				GCC_WARN_UNINITIALIZED_AUTOS = YES_AGGRESSIVE;
				GCC_WARN_UNUSED_FUNCTION = YES;
				GCC_WARN_UNUSED_VARIABLE = YES;
				IPHONEOS_DEPLOYMENT_TARGET = 11.2;
				MTL_ENABLE_DEBUG_INFO = YES;
				ONLY_ACTIVE_ARCH = YES;
				SDKROOT = iphoneos;
				SWIFT_ACTIVE_COMPILATION_CONDITIONS = DEBUG;
				SWIFT_OPTIMIZATION_LEVEL = "-Onone";
			};
			name = Debug;
		};
		30EE1F5D2048131600B826A8 /* Release */ = {
			isa = XCBuildConfiguration;
			buildSettings = {
				ALWAYS_SEARCH_USER_PATHS = NO;
				CLANG_ANALYZER_NONNULL = YES;
				CLANG_ANALYZER_NUMBER_OBJECT_CONVERSION = YES_AGGRESSIVE;
				CLANG_CXX_LANGUAGE_STANDARD = "gnu++14";
				CLANG_CXX_LIBRARY = "libc++";
				CLANG_ENABLE_MODULES = YES;
				CLANG_ENABLE_OBJC_ARC = YES;
				CLANG_WARN_BLOCK_CAPTURE_AUTORELEASING = YES;
				CLANG_WARN_BOOL_CONVERSION = YES;
				CLANG_WARN_COMMA = YES;
				CLANG_WARN_CONSTANT_CONVERSION = YES;
				CLANG_WARN_DIRECT_OBJC_ISA_USAGE = YES_ERROR;
				CLANG_WARN_DOCUMENTATION_COMMENTS = YES;
				CLANG_WARN_EMPTY_BODY = YES;
				CLANG_WARN_ENUM_CONVERSION = YES;
				CLANG_WARN_INFINITE_RECURSION = YES;
				CLANG_WARN_INT_CONVERSION = YES;
				CLANG_WARN_NON_LITERAL_NULL_CONVERSION = YES;
				CLANG_WARN_OBJC_LITERAL_CONVERSION = YES;
				CLANG_WARN_OBJC_ROOT_CLASS = YES_ERROR;
				CLANG_WARN_RANGE_LOOP_ANALYSIS = YES;
				CLANG_WARN_STRICT_PROTOTYPES = YES;
				CLANG_WARN_SUSPICIOUS_MOVE = YES;
				CLANG_WARN_UNGUARDED_AVAILABILITY = YES_AGGRESSIVE;
				CLANG_WARN_UNREACHABLE_CODE = YES;
				CLANG_WARN__DUPLICATE_METHOD_MATCH = YES;
				CODE_SIGN_IDENTITY = "iPhone Developer";
				COPY_PHASE_STRIP = NO;
				DEBUG_INFORMATION_FORMAT = "dwarf-with-dsym";
				ENABLE_NS_ASSERTIONS = NO;
				ENABLE_STRICT_OBJC_MSGSEND = YES;
				GCC_C_LANGUAGE_STANDARD = gnu11;
				GCC_NO_COMMON_BLOCKS = YES;
				GCC_WARN_64_TO_32_BIT_CONVERSION = YES;
				GCC_WARN_ABOUT_RETURN_TYPE = YES_ERROR;
				GCC_WARN_UNDECLARED_SELECTOR = YES;
				GCC_WARN_UNINITIALIZED_AUTOS = YES_AGGRESSIVE;
				GCC_WARN_UNUSED_FUNCTION = YES;
				GCC_WARN_UNUSED_VARIABLE = YES;
				IPHONEOS_DEPLOYMENT_TARGET = 11.2;
				MTL_ENABLE_DEBUG_INFO = NO;
				SDKROOT = iphoneos;
				SWIFT_OPTIMIZATION_LEVEL = "-Owholemodule";
				VALIDATE_PRODUCT = YES;
			};
			name = Release;
		};
		30EE1F5F2048131600B826A8 /* Debug */ = {
			isa = XCBuildConfiguration;
			buildSettings = {
				ASSETCATALOG_COMPILER_APPICON_NAME = AppIcon;
				CODE_SIGN_STYLE = Automatic;
				DEVELOPMENT_TEAM = C4JRFH5FHP;
				INFOPLIST_FILE = CryptoPortfolio/Info.plist;
				LD_RUNPATH_SEARCH_PATHS = "$(inherited) @executable_path/Frameworks";
				PRODUCT_BUNDLE_IDENTIFIER = com.aunwirawit.CryptoPortfolio;
				PRODUCT_NAME = "$(TARGET_NAME)";
				SWIFT_VERSION = 4.0;
				TARGETED_DEVICE_FAMILY = "1,2";
			};
			name = Debug;
		};
		30EE1F602048131600B826A8 /* Release */ = {
			isa = XCBuildConfiguration;
			buildSettings = {
				ASSETCATALOG_COMPILER_APPICON_NAME = AppIcon;
				CODE_SIGN_STYLE = Automatic;
				DEVELOPMENT_TEAM = C4JRFH5FHP;
				INFOPLIST_FILE = CryptoPortfolio/Info.plist;
				LD_RUNPATH_SEARCH_PATHS = "$(inherited) @executable_path/Frameworks";
				PRODUCT_BUNDLE_IDENTIFIER = com.aunwirawit.CryptoPortfolio;
				PRODUCT_NAME = "$(TARGET_NAME)";
				SWIFT_VERSION = 4.0;
				TARGETED_DEVICE_FAMILY = "1,2";
			};
			name = Release;
		};
		30EE1F622048131600B826A8 /* Debug */ = {
			isa = XCBuildConfiguration;
			buildSettings = {
				ALWAYS_EMBED_SWIFT_STANDARD_LIBRARIES = YES;
				BUNDLE_LOADER = "$(TEST_HOST)";
				CODE_SIGN_STYLE = Automatic;
				DEVELOPMENT_TEAM = C4JRFH5FHP;
				INFOPLIST_FILE = CryptoPortfolioTests/Info.plist;
				LD_RUNPATH_SEARCH_PATHS = "$(inherited) @executable_path/Frameworks @loader_path/Frameworks";
				PRODUCT_BUNDLE_IDENTIFIER = com.aunwirawit.CryptoPortfolioTests;
				PRODUCT_NAME = "$(TARGET_NAME)";
				SWIFT_VERSION = 4.0;
				TARGETED_DEVICE_FAMILY = "1,2";
				TEST_HOST = "$(BUILT_PRODUCTS_DIR)/CryptoPortfolio.app/CryptoPortfolio";
			};
			name = Debug;
		};
		30EE1F632048131600B826A8 /* Release */ = {
			isa = XCBuildConfiguration;
			buildSettings = {
				ALWAYS_EMBED_SWIFT_STANDARD_LIBRARIES = YES;
				BUNDLE_LOADER = "$(TEST_HOST)";
				CODE_SIGN_STYLE = Automatic;
				DEVELOPMENT_TEAM = C4JRFH5FHP;
				INFOPLIST_FILE = CryptoPortfolioTests/Info.plist;
				LD_RUNPATH_SEARCH_PATHS = "$(inherited) @executable_path/Frameworks @loader_path/Frameworks";
				PRODUCT_BUNDLE_IDENTIFIER = com.aunwirawit.CryptoPortfolioTests;
				PRODUCT_NAME = "$(TARGET_NAME)";
				SWIFT_VERSION = 4.0;
				TARGETED_DEVICE_FAMILY = "1,2";
				TEST_HOST = "$(BUILT_PRODUCTS_DIR)/CryptoPortfolio.app/CryptoPortfolio";
			};
			name = Release;
		};
/* End XCBuildConfiguration section */

/* Begin XCConfigurationList section */
		30EE1F3C2048131500B826A8 /* Build configuration list for PBXProject "CryptoPortfolio" */ = {
			isa = XCConfigurationList;
			buildConfigurations = (
				30EE1F5C2048131600B826A8 /* Debug */,
				30EE1F5D2048131600B826A8 /* Release */,
			);
			defaultConfigurationIsVisible = 0;
			defaultConfigurationName = Release;
		};
		30EE1F5E2048131600B826A8 /* Build configuration list for PBXNativeTarget "CryptoPortfolio" */ = {
			isa = XCConfigurationList;
			buildConfigurations = (
				30EE1F5F2048131600B826A8 /* Debug */,
				30EE1F602048131600B826A8 /* Release */,
			);
			defaultConfigurationIsVisible = 0;
			defaultConfigurationName = Release;
		};
		30EE1F612048131600B826A8 /* Build configuration list for PBXNativeTarget "CryptoPortfolioTests" */ = {
			isa = XCConfigurationList;
			buildConfigurations = (
				30EE1F622048131600B826A8 /* Debug */,
				30EE1F632048131600B826A8 /* Release */,
			);
			defaultConfigurationIsVisible = 0;
			defaultConfigurationName = Release;
		};
/* End XCConfigurationList section */
	};
	rootObject = 30EE1F392048131500B826A8 /* Project object */;
}
